# @generated by Move, please check-in and do not edit manually.

[move]
version = 3
manifest_digest = "0108EE8F9BC79E4226BAE9B5BB9E0C86B482F374C432D6D26DB210982E9B4461"
deps_digest = "3C4103934B1E040BB6B23F1D610B4EF9F2F1166A50A104EADCF77467C004C600"
dependencies = [
  { id = "Sui", name = "Sui" },
  { id = "usdc", name = "usdc" },
]

[[move.package]]
id = "MoveStdlib"
source = { git = "https://github.com/MystenLabs/sui.git", rev = "framework/testnet", subdir = "crates/sui-framework/packages/move-stdlib" }

[[move.package]]
id = "Sui"
source = { git = "https://github.com/MystenLabs/sui.git", rev = "framework/testnet", subdir = "crates/sui-framework/packages/sui-framework" }

dependencies = [
  { id = "MoveStdlib", name = "MoveStdlib" },
]

[[move.package]]
id = "stablecoin"
source = { git = "https://github.com/circlefin/stablecoin-sui.git", rev = "master", subdir = "packages/stablecoin" }

dependencies = [
  { id = "Sui", name = "Sui" },
  { id = "sui_extensions", name = "sui_extensions" },
]

[[move.package]]
id = "sui_extensions"
source = { git = "https://github.com/circlefin/stablecoin-sui.git", rev = "master", subdir = "packages/sui_extensions" }

dependencies = [
  { id = "Sui", name = "Sui" },
]

[[move.package]]
id = "usdc"
source = { git = "https://github.com/circlefin/stablecoin-sui.git", rev = "master", subdir = "packages/usdc" }

dependencies = [
  { id = "Sui", name = "Sui" },
  { id = "stablecoin", name = "stablecoin" },
  { id = "sui_extensions", name = "sui_extensions" },
]

[move.toolchain-version]
compiler-version = "1.39.1"
edition = "2024.beta"
flavor = "sui"

[env]

[env.testnet]
chain-id = "4c78adac"
original-published-id = "0xcbbf37a851ed7b625731ca497e2d4aea18cf18145fac3b78bd64f274f6a09d30"
latest-published-id = "0xcbbf37a851ed7b625731ca497e2d4aea18cf18145fac3b78bd64f274f6a09d30"
published-version = "1"
